
Microsoft Visual Studio Solution File, Format Version 12.00
# Visual Studio Version 16
VisualStudioVersion = 16.0.31112.23
MinimumVisualStudioVersion = 10.0.40219.1
Project("{9A19103F-16F7-4668-BE54-9A1E7A4F7556}") = "LMS.Infrastructure", "LMS.Infrastructure\LMS.Infrastructure.csproj", "{9E2A4F70-FC63-4721-880F-27E8A5C658A5}"
EndProject
Project("{9A19103F-16F7-4668-BE54-9A1E7A4F7556}") = "LMS.Domain", "LMS.Domain\LMS.Domain.csproj", "{298C36B8-2489-4DA0-9255-FD74BBFFD908}"
EndProject
Project("{FAE04EC0-301F-11D3-BF4B-00C04F79EFBC}") = "LMS.UI", "LMS.UI\LMS.UI.csproj", "{F063810A-1DE5-4597-A291-258A3E0FF732}"
EndProject
Project("{2150E333-8FDC-42A3-9474-1A3956D46DE8}") = "Solution Items", "Solution Items", "{81F2CB8B-A02F-4AD5-A578-89A82FA0BE60}"
	ProjectSection(SolutionItems) = preProject
		README.md = README.md
	EndProjectSection
EndProject
Project("{E53339B2-1760-4266-BCC7-CA923CBCF16C}") = "docker-compose", "docker-compose.dcproj", "{D2A09007-D7FA-41CC-A675-C8D7F590A2D3}"
EndProject
Global
	GlobalSection(SolutionConfigurationPlatforms) = preSolution
		Debug|Any CPU = Debug|Any CPU
		Release|Any CPU = Release|Any CPU
	EndGlobalSection
	GlobalSection(ProjectConfigurationPlatforms) = postSolution
		{9E2A4F70-FC63-4721-880F-27E8A5C658A5}.Debug|Any CPU.ActiveCfg = Debug|Any CPU
		{9E2A4F70-FC63-4721-880F-27E8A5C658A5}.Debug|Any CPU.Build.0 = Debug|Any CPU
		{9E2A4F70-FC63-4721-880F-27E8A5C658A5}.Release|Any CPU.ActiveCfg = Release|Any CPU
		{9E2A4F70-FC63-4721-880F-27E8A5C658A5}.Release|Any CPU.Build.0 = Release|Any CPU
		{298C36B8-2489-4DA0-9255-FD74BBFFD908}.Debug|Any CPU.ActiveCfg = Debug|Any CPU
		{298C36B8-2489-4DA0-9255-FD74BBFFD908}.Debug|Any CPU.Build.0 = Debug|Any CPU
		{298C36B8-2489-4DA0-9255-FD74BBFFD908}.Release|Any CPU.ActiveCfg = Release|Any CPU
		{298C36B8-2489-4DA0-9255-FD74BBFFD908}.Release|Any CPU.Build.0 = Release|Any CPU
		{F063810A-1DE5-4597-A291-258A3E0FF732}.Debug|Any CPU.ActiveCfg = Debug|Any CPU
		{F063810A-1DE5-4597-A291-258A3E0FF732}.Debug|Any CPU.Build.0 = Debug|Any CPU
		{F063810A-1DE5-4597-A291-258A3E0FF732}.Release|Any CPU.ActiveCfg = Release|Any CPU
		{F063810A-1DE5-4597-A291-258A3E0FF732}.Release|Any CPU.Build.0 = Release|Any CPU
		{D2A09007-D7FA-41CC-A675-C8D7F590A2D3}.Debug|Any CPU.ActiveCfg = Debug|Any CPU
		{D2A09007-D7FA-41CC-A675-C8D7F590A2D3}.Debug|Any CPU.Build.0 = Debug|Any CPU
		{D2A09007-D7FA-41CC-A675-C8D7F590A2D3}.Release|Any CPU.ActiveCfg = Release|Any CPU
		{D2A09007-D7FA-41CC-A675-C8D7F590A2D3}.Release|Any CPU.Build.0 = Release|Any CPU
	EndGlobalSection
	GlobalSection(SolutionProperties) = preSolution
		HideSolutionNode = FALSE
	EndGlobalSection
	GlobalSection(ExtensibilityGlobals) = postSolution
		SolutionGuid = {F3C88287-F555-4A33-A8C4-CE9E216B6891}
	EndGlobalSection
EndGlobal
